
Microsoft Visual Studio Solution File, Format Version 12.00
# Visual Studio Version 17
VisualStudioVersion = 17.5.33516.290
MinimumVisualStudioVersion = 10.0.40219.1
Project("{9A19103F-16F7-4668-BE54-9A1E7A4F7556}") = "ChallengeApp", "ChallengeApp\ChallengeApp.csproj", "{CB9EA57C-D00D-4B7F-86B4-4BFCE82EF03A}"
EndProject
Project("{FAE04EC0-301F-11D3-BF4B-00C04F79EFBC}") = "ChallengeApp.Test", "ChallengeApp.Test\ChallengeApp.Test.csproj", "{5A3DFE66-27C1-4A79-9B57-F168CCF22779}"
EndProject
Global
	GlobalSection(SolutionConfigurationPlatforms) = preSolution
		Debug|Any CPU = Debug|Any CPU
		Release|Any CPU = Release|Any CPU
	EndGlobalSection
	GlobalSection(ProjectConfigurationPlatforms) = postSolution
		{CB9EA57C-D00D-4B7F-86B4-4BFCE82EF03A}.Debug|Any CPU.ActiveCfg = Debug|Any CPU
		{CB9EA57C-D00D-4B7F-86B4-4BFCE82EF03A}.Debug|Any CPU.Build.0 = Debug|Any CPU
		{CB9EA57C-D00D-4B7F-86B4-4BFCE82EF03A}.Release|Any CPU.ActiveCfg = Release|Any CPU
		{CB9EA57C-D00D-4B7F-86B4-4BFCE82EF03A}.Release|Any CPU.Build.0 = Release|Any CPU
		{5A3DFE66-27C1-4A79-9B57-F168CCF22779}.Debug|Any CPU.ActiveCfg = Debug|Any CPU
		{5A3DFE66-27C1-4A79-9B57-F168CCF22779}.Debug|Any CPU.Build.0 = Debug|Any CPU
		{5A3DFE66-27C1-4A79-9B57-F168CCF22779}.Release|Any CPU.ActiveCfg = Release|Any CPU
		{5A3DFE66-27C1-4A79-9B57-F168CCF22779}.Release|Any CPU.Build.0 = Release|Any CPU
	EndGlobalSection
	GlobalSection(SolutionProperties) = preSolution
		HideSolutionNode = FALSE
	EndGlobalSection
	GlobalSection(ExtensibilityGlobals) = postSolution
		SolutionGuid = {15F0DF3E-0C92-4EC3-81EF-D2748921A3AA}
	EndGlobalSection
EndGlobal
